
Microsoft Visual Studio Solution File, Format Version 12.00
# Visual Studio Version 16
VisualStudioVersion = 16.0.31624.102
MinimumVisualStudioVersion = 10.0.40219.1
Project("{FAE04EC0-301F-11D3-BF4B-00C04F79EFBC}") = "Test", "Test.csproj", "{BB62D186-1326-4E7A-A909-D5ABBD9D736C}"
EndProject
Global
	GlobalSection(SolutionConfigurationPlatforms) = preSolution
		Debug|Any CPU = Debug|Any CPU
		Release|Any CPU = Release|Any CPU
	EndGlobalSection
	GlobalSection(ProjectConfigurationPlatforms) = postSolution
		{BB62D186-1326-4E7A-A909-D5ABBD9D736C}.Debug|Any CPU.ActiveCfg = Debug|Any CPU
		{BB62D186-1326-4E7A-A909-D5ABBD9D736C}.Debug|Any CPU.Build.0 = Debug|Any CPU
		{BB62D186-1326-4E7A-A909-D5ABBD9D736C}.Release|Any CPU.ActiveCfg = Release|Any CPU
		{BB62D186-1326-4E7A-A909-D5ABBD9D736C}.Release|Any CPU.Build.0 = Release|Any CPU
	EndGlobalSection
	GlobalSection(SolutionProperties) = preSolution
		HideSolutionNode = FALSE
	EndGlobalSection
	GlobalSection(ExtensibilityGlobals) = postSolution
		SolutionGuid = {CB730659-4F91-4771-AA06-26A39DE6A8BB}
	EndGlobalSection
EndGlobal
